
Microsoft Visual Studio Solution File, Format Version 12.00
# Visual Studio Version 17
VisualStudioVersion = 17.9.34616.47
MinimumVisualStudioVersion = 10.0.40219.1
Project("{9A19103F-16F7-4668-BE54-9A1E7A4F7556}") = "CustomIdentity", "CustomIdentity\CustomIdentity.csproj", "{8AE209FF-FCC6-4C7D-AE56-0563B3DA22B7}"
EndProject
Project("{2150E333-8FDC-42A3-9474-1A3956D46DE8}") = "Solution Items", "Solution Items", "{C3BC2E16-72EC-4061-8ED2-43CCA27014C6}"
	ProjectSection(SolutionItems) = preProject
		.editorconfig = .editorconfig
	EndProjectSection
EndProject
Global
	GlobalSection(SolutionConfigurationPlatforms) = preSolution
		Debug|Any CPU = Debug|Any CPU
		Release|Any CPU = Release|Any CPU
	EndGlobalSection
	GlobalSection(ProjectConfigurationPlatforms) = postSolution
		{8AE209FF-FCC6-4C7D-AE56-0563B3DA22B7}.Debug|Any CPU.ActiveCfg = Debug|Any CPU
		{8AE209FF-FCC6-4C7D-AE56-0563B3DA22B7}.Debug|Any CPU.Build.0 = Debug|Any CPU
		{8AE209FF-FCC6-4C7D-AE56-0563B3DA22B7}.Release|Any CPU.ActiveCfg = Release|Any CPU
		{8AE209FF-FCC6-4C7D-AE56-0563B3DA22B7}.Release|Any CPU.Build.0 = Release|Any CPU
	EndGlobalSection
	GlobalSection(SolutionProperties) = preSolution
		HideSolutionNode = FALSE
	EndGlobalSection
	GlobalSection(ExtensibilityGlobals) = postSolution
		SolutionGuid = {C89C03A7-BED6-4F44-B4D1-D5C785E9BF05}
	EndGlobalSection
EndGlobal
